Microsoft Visual Studio Solution File, Format Version 11.00
# Visual Studio 2008

Project("{D47A2D3F-06DB-F03A-1CC7-D76F3B777331}") = "wtf unity", "Assembly-CSharp-firstpass.csproj", "{72B46262-7072-5187-C90A-E089FAC9791E}"
EndProject
Project("{D47A2D3F-06DB-F03A-1CC7-D76F3B777331}") = "wtf unity", "Assembly-CSharp.csproj", "{2D894CA8-53BA-189C-A955-AEABCAB8D70B}"
EndProject
Global
	GlobalSection(SolutionConfigurationPlatforms) = preSolution
		Debug|Any CPU = Debug|Any CPU
		Release|Any CPU = Release|Any CPU
	EndGlobalSection
	GlobalSection(ProjectConfigurationPlatforms) = postSolution
		{72B46262-7072-5187-C90A-E089FAC9791E}.Debug|Any CPU.ActiveCfg = Debug|Any CPU
		{72B46262-7072-5187-C90A-E089FAC9791E}.Debug|Any CPU.Build.0 = Debug|Any CPU
		{72B46262-7072-5187-C90A-E089FAC9791E}.Release|Any CPU.ActiveCfg = Release|Any CPU
		{72B46262-7072-5187-C90A-E089FAC9791E}.Release|Any CPU.Build.0 = Release|Any CPU
		{2D894CA8-53BA-189C-A955-AEABCAB8D70B}.Debug|Any CPU.ActiveCfg = Debug|Any CPU
		{2D894CA8-53BA-189C-A955-AEABCAB8D70B}.Debug|Any CPU.Build.0 = Debug|Any CPU
		{2D894CA8-53BA-189C-A955-AEABCAB8D70B}.Release|Any CPU.ActiveCfg = Release|Any CPU
		{2D894CA8-53BA-189C-A955-AEABCAB8D70B}.Release|Any CPU.Build.0 = Release|Any CPU
	EndGlobalSection
	GlobalSection(SolutionProperties) = preSolution
		HideSolutionNode = FALSE
	EndGlobalSection
	GlobalSection(MonoDevelopProperties) = preSolution
		StartupItem = Assembly-CSharp.csproj
	EndGlobalSection
EndGlobal
